
Microsoft Visual Studio Solution File, Format Version 12.00
# Visual Studio Version 17
VisualStudioVersion = 17.8.34330.188
MinimumVisualStudioVersion = 10.0.40219.1
Project("{9A19103F-16F7-4668-BE54-9A1E7A4F7556}") = "ProjectoCodigoFacilito.Domain", "ProjectoCodigoFacilito.Domain\ProjectoCodigoFacilito.Domain.csproj", "{9AFCE116-B6D1-49C8-869E-56D6335C64AD}"
EndProject
Project("{9A19103F-16F7-4668-BE54-9A1E7A4F7556}") = "ProjectoCodigoFacilito.Infraestructure", "ProjectoCodigoFacilito.Infraestructure\ProjectoCodigoFacilito.Infraestructure.csproj", "{B8719812-1734-4E9B-9EBF-093AB668A0E9}"
EndProject
Project("{9A19103F-16F7-4668-BE54-9A1E7A4F7556}") = "ProjectoCodigoFacilito.API", "ProjectoCodigoFacilito.API\ProjectoCodigoFacilito.API.csproj", "{A742E6E9-6ACF-40A2-82B4-7D5B4E5E8C3D}"
EndProject
Project("{9A19103F-16F7-4668-BE54-9A1E7A4F7556}") = "ProjectoCodigoFacilito.Application", "ProjectoCodigoFacilito.Application\ProjectoCodigoFacilito.Application.csproj", "{2D950102-227C-48C2-AEB5-0CC352283E4C}"
EndProject
Project("{2150E333-8FDC-42A3-9474-1A3956D46DE8}") = "Elementos de la solución", "Elementos de la solución", "{5A248A0A-309B-4836-B32E-B5AA154C51ED}"
	ProjectSection(SolutionItems) = preProject
		.gitignore = .gitignore
	EndProjectSection
EndProject
Global
	GlobalSection(SolutionConfigurationPlatforms) = preSolution
		Debug|Any CPU = Debug|Any CPU
		Release|Any CPU = Release|Any CPU
	EndGlobalSection
	GlobalSection(ProjectConfigurationPlatforms) = postSolution
		{9AFCE116-B6D1-49C8-869E-56D6335C64AD}.Debug|Any CPU.ActiveCfg = Debug|Any CPU
		{9AFCE116-B6D1-49C8-869E-56D6335C64AD}.Debug|Any CPU.Build.0 = Debug|Any CPU
		{9AFCE116-B6D1-49C8-869E-56D6335C64AD}.Release|Any CPU.ActiveCfg = Release|Any CPU
		{9AFCE116-B6D1-49C8-869E-56D6335C64AD}.Release|Any CPU.Build.0 = Release|Any CPU
		{B8719812-1734-4E9B-9EBF-093AB668A0E9}.Debug|Any CPU.ActiveCfg = Debug|Any CPU
		{B8719812-1734-4E9B-9EBF-093AB668A0E9}.Debug|Any CPU.Build.0 = Debug|Any CPU
		{B8719812-1734-4E9B-9EBF-093AB668A0E9}.Release|Any CPU.ActiveCfg = Release|Any CPU
		{B8719812-1734-4E9B-9EBF-093AB668A0E9}.Release|Any CPU.Build.0 = Release|Any CPU
		{A742E6E9-6ACF-40A2-82B4-7D5B4E5E8C3D}.Debug|Any CPU.ActiveCfg = Debug|Any CPU
		{A742E6E9-6ACF-40A2-82B4-7D5B4E5E8C3D}.Debug|Any CPU.Build.0 = Debug|Any CPU
		{A742E6E9-6ACF-40A2-82B4-7D5B4E5E8C3D}.Release|Any CPU.ActiveCfg = Release|Any CPU
		{A742E6E9-6ACF-40A2-82B4-7D5B4E5E8C3D}.Release|Any CPU.Build.0 = Release|Any CPU
		{2D950102-227C-48C2-AEB5-0CC352283E4C}.Debug|Any CPU.ActiveCfg = Debug|Any CPU
		{2D950102-227C-48C2-AEB5-0CC352283E4C}.Debug|Any CPU.Build.0 = Debug|Any CPU
		{2D950102-227C-48C2-AEB5-0CC352283E4C}.Release|Any CPU.ActiveCfg = Release|Any CPU
		{2D950102-227C-48C2-AEB5-0CC352283E4C}.Release|Any CPU.Build.0 = Release|Any CPU
	EndGlobalSection
	GlobalSection(SolutionProperties) = preSolution
		HideSolutionNode = FALSE
	EndGlobalSection
EndGlobal
